
Microsoft Visual Studio Solution File, Format Version 12.00
# Visual Studio Version 16
VisualStudioVersion = 16.0.29306.81
MinimumVisualStudioVersion = 10.0.40219.1
Project("{FAE04EC0-301F-11D3-BF4B-00C04F79EFBC}") = "Comos.SVGExport", "Comos.SVGExport\Comos.SVGExport.csproj", "{04D45300-159C-4B81-9A8E-83B5435460FA}"
EndProject
Global
	GlobalSection(SolutionConfigurationPlatforms) = preSolution
		Debug|Any CPU = Debug|Any CPU
		Release|Any CPU = Release|Any CPU
	EndGlobalSection
	GlobalSection(ProjectConfigurationPlatforms) = postSolution
		{04D45300-159C-4B81-9A8E-83B5435460FA}.Debug|Any CPU.ActiveCfg = Debug|Any CPU
		{04D45300-159C-4B81-9A8E-83B5435460FA}.Debug|Any CPU.Build.0 = Debug|Any CPU
		{04D45300-159C-4B81-9A8E-83B5435460FA}.Release|Any CPU.ActiveCfg = Release|Any CPU
		{04D45300-159C-4B81-9A8E-83B5435460FA}.Release|Any CPU.Build.0 = Release|Any CPU
	EndGlobalSection
	GlobalSection(SolutionProperties) = preSolution
		HideSolutionNode = FALSE
	EndGlobalSection
	GlobalSection(ExtensibilityGlobals) = postSolution
		SolutionGuid = {35DC2921-2900-4208-80E4-B686D0A79740}
	EndGlobalSection
EndGlobal
