
Microsoft Visual Studio Solution File, Format Version 12.00
# Visual Studio Version 16
VisualStudioVersion = 16.0.28803.514
MinimumVisualStudioVersion = 10.0.40219.1
Project("{888888A0-9F3D-457C-B088-3A5042F75D52}") = "XML2JSON", "XML2JSON\XML2JSON.pyproj", "{C445A82B-9233-4896-B467-4B898FBEC16B}"
EndProject
Global
	GlobalSection(SolutionConfigurationPlatforms) = preSolution
		Debug|Any CPU = Debug|Any CPU
		Release|Any CPU = Release|Any CPU
	EndGlobalSection
	GlobalSection(ProjectConfigurationPlatforms) = postSolution
		{C445A82B-9233-4896-B467-4B898FBEC16B}.Debug|Any CPU.ActiveCfg = Debug|Any CPU
		{C445A82B-9233-4896-B467-4B898FBEC16B}.Release|Any CPU.ActiveCfg = Release|Any CPU
	EndGlobalSection
	GlobalSection(SolutionProperties) = preSolution
		HideSolutionNode = FALSE
	EndGlobalSection
	GlobalSection(ExtensibilityGlobals) = postSolution
		SolutionGuid = {CEA41B40-843C-4D13-A988-90885D3F99C9}
	EndGlobalSection
EndGlobal
